
Microsoft Visual Studio Solution File, Format Version 11.00
# Visual Studio 2010
Project("{FAE04EC0-301F-11D3-BF4B-00C04F79EFBC}") = "Assembly-CSharp", "Assembly-CSharp.csproj", "{2620fd2b-53e9-5663-822d-8b437926ce1a}"
EndProject
Project("{FAE04EC0-301F-11D3-BF4B-00C04F79EFBC}") = "Assembly-CSharp-Editor", "Assembly-CSharp-Editor.csproj", "{48b85e97-d323-41e6-ab2f-1c78d1c94476}"
EndProject
Global
	GlobalSection(SolutionConfigurationPlatforms) = preSolution
		Debug|Any CPU = Debug|Any CPU
	EndGlobalSection
	GlobalSection(ProjectConfigurationPlatforms) = postSolution
		{2620fd2b-53e9-5663-822d-8b437926ce1a}.Debug|Any CPU.ActiveCfg = Debug|Any CPU
		{2620fd2b-53e9-5663-822d-8b437926ce1a}.Debug|Any CPU.Build.0 = Debug|Any CPU
		{48b85e97-d323-41e6-ab2f-1c78d1c94476}.Debug|Any CPU.ActiveCfg = Debug|Any CPU
		{48b85e97-d323-41e6-ab2f-1c78d1c94476}.Debug|Any CPU.Build.0 = Debug|Any CPU
	EndGlobalSection
	GlobalSection(SolutionProperties) = preSolution
		HideSolutionNode = FALSE
	EndGlobalSection
EndGlobal
